
Microsoft Visual Studio Solution File, Format Version 12.00
# Visual Studio 2012
Project("{FAE04EC0-301F-11D3-BF4B-00C04F79EFBC}") = "XamarinVideoRecorder", "XamarinVideoRecorder\XamarinVideoRecorder.csproj", "{E4B2FFB5-F1D7-4C01-8FA9-4BAB061D2AF3}"
EndProject
Project("{FAE04EC0-301F-11D3-BF4B-00C04F79EFBC}") = "XamarinVideoRecorder.iOS", "iOS\XamarinVideoRecorder.iOS.csproj", "{EF9AEBDE-0B01-4B4F-BDC3-C25C070D6819}"
EndProject
Project("{FAE04EC0-301F-11D3-BF4B-00C04F79EFBC}") = "XamarinVideoRecorder.Droid", "Droid\XamarinVideoRecorder.Droid.csproj", "{02748A2F-D89B-4722-8D02-0C1969CFDD41}"
EndProject
Global
	GlobalSection(SolutionConfigurationPlatforms) = preSolution
		Debug|Any CPU = Debug|Any CPU
		Release|Any CPU = Release|Any CPU
		Debug|iPhoneSimulator = Debug|iPhoneSimulator
		Release|iPhone = Release|iPhone
		Release|iPhoneSimulator = Release|iPhoneSimulator
		Debug|iPhone = Debug|iPhone
	EndGlobalSection
	GlobalSection(ProjectConfigurationPlatforms) = postSolution
		{E4B2FFB5-F1D7-4C01-8FA9-4BAB061D2AF3}.Debug|Any CPU.ActiveCfg = Debug|Any CPU
		{E4B2FFB5-F1D7-4C01-8FA9-4BAB061D2AF3}.Debug|Any CPU.Build.0 = Debug|Any CPU
		{E4B2FFB5-F1D7-4C01-8FA9-4BAB061D2AF3}.Release|Any CPU.ActiveCfg = Release|Any CPU
		{E4B2FFB5-F1D7-4C01-8FA9-4BAB061D2AF3}.Release|Any CPU.Build.0 = Release|Any CPU
		{E4B2FFB5-F1D7-4C01-8FA9-4BAB061D2AF3}.Debug|iPhoneSimulator.ActiveCfg = Debug|Any CPU
		{E4B2FFB5-F1D7-4C01-8FA9-4BAB061D2AF3}.Debug|iPhoneSimulator.Build.0 = Debug|Any CPU
		{E4B2FFB5-F1D7-4C01-8FA9-4BAB061D2AF3}.Release|iPhone.ActiveCfg = Release|Any CPU
		{E4B2FFB5-F1D7-4C01-8FA9-4BAB061D2AF3}.Release|iPhone.Build.0 = Release|Any CPU
		{E4B2FFB5-F1D7-4C01-8FA9-4BAB061D2AF3}.Release|iPhoneSimulator.ActiveCfg = Release|Any CPU
		{E4B2FFB5-F1D7-4C01-8FA9-4BAB061D2AF3}.Release|iPhoneSimulator.Build.0 = Release|Any CPU
		{E4B2FFB5-F1D7-4C01-8FA9-4BAB061D2AF3}.Debug|iPhone.ActiveCfg = Debug|Any CPU
		{E4B2FFB5-F1D7-4C01-8FA9-4BAB061D2AF3}.Debug|iPhone.Build.0 = Debug|Any CPU
		{EF9AEBDE-0B01-4B4F-BDC3-C25C070D6819}.Debug|Any CPU.ActiveCfg = Debug|iPhoneSimulator
		{EF9AEBDE-0B01-4B4F-BDC3-C25C070D6819}.Debug|Any CPU.Build.0 = Debug|iPhoneSimulator
		{EF9AEBDE-0B01-4B4F-BDC3-C25C070D6819}.Release|Any CPU.ActiveCfg = Release|iPhone
		{EF9AEBDE-0B01-4B4F-BDC3-C25C070D6819}.Release|Any CPU.Build.0 = Release|iPhone
		{EF9AEBDE-0B01-4B4F-BDC3-C25C070D6819}.Debug|iPhoneSimulator.ActiveCfg = Debug|iPhoneSimulator
		{EF9AEBDE-0B01-4B4F-BDC3-C25C070D6819}.Debug|iPhoneSimulator.Build.0 = Debug|iPhoneSimulator
		{EF9AEBDE-0B01-4B4F-BDC3-C25C070D6819}.Release|iPhone.ActiveCfg = Release|iPhone
		{EF9AEBDE-0B01-4B4F-BDC3-C25C070D6819}.Release|iPhone.Build.0 = Release|iPhone
		{EF9AEBDE-0B01-4B4F-BDC3-C25C070D6819}.Release|iPhoneSimulator.ActiveCfg = Release|iPhoneSimulator
		{EF9AEBDE-0B01-4B4F-BDC3-C25C070D6819}.Release|iPhoneSimulator.Build.0 = Release|iPhoneSimulator
		{EF9AEBDE-0B01-4B4F-BDC3-C25C070D6819}.Debug|iPhone.ActiveCfg = Debug|iPhone
		{EF9AEBDE-0B01-4B4F-BDC3-C25C070D6819}.Debug|iPhone.Build.0 = Debug|iPhone
		{02748A2F-D89B-4722-8D02-0C1969CFDD41}.Debug|Any CPU.ActiveCfg = Debug|Any CPU
		{02748A2F-D89B-4722-8D02-0C1969CFDD41}.Debug|Any CPU.Build.0 = Debug|Any CPU
		{02748A2F-D89B-4722-8D02-0C1969CFDD41}.Release|Any CPU.ActiveCfg = Release|Any CPU
		{02748A2F-D89B-4722-8D02-0C1969CFDD41}.Release|Any CPU.Build.0 = Release|Any CPU
		{02748A2F-D89B-4722-8D02-0C1969CFDD41}.Debug|iPhoneSimulator.ActiveCfg = Debug|Any CPU
		{02748A2F-D89B-4722-8D02-0C1969CFDD41}.Debug|iPhoneSimulator.Build.0 = Debug|Any CPU
		{02748A2F-D89B-4722-8D02-0C1969CFDD41}.Release|iPhone.ActiveCfg = Release|Any CPU
		{02748A2F-D89B-4722-8D02-0C1969CFDD41}.Release|iPhone.Build.0 = Release|Any CPU
		{02748A2F-D89B-4722-8D02-0C1969CFDD41}.Release|iPhoneSimulator.ActiveCfg = Release|Any CPU
		{02748A2F-D89B-4722-8D02-0C1969CFDD41}.Release|iPhoneSimulator.Build.0 = Release|Any CPU
		{02748A2F-D89B-4722-8D02-0C1969CFDD41}.Debug|iPhone.ActiveCfg = Debug|Any CPU
		{02748A2F-D89B-4722-8D02-0C1969CFDD41}.Debug|iPhone.Build.0 = Debug|Any CPU
	EndGlobalSection
EndGlobal
